{
  "version": 4,
  "terraform_version": "1.9.6",
  "serial": 387,
  "lineage": "f4b8f2a4-f291-caa0-c4c1-b082594f366e",
  "outputs": {
    "external_ip_address_srv": {
      "value": "89.169.158.208",
      "type": "string"
    },
    "instance_group_masters_private_ips": {
      "value": [
        "192.168.10.12"
      ],
      "type": [
        "list",
        "string"
      ]
    },
    "instance_group_masters_public_ips": {
      "value": [
        "89.169.151.169"
      ],
      "type": [
        "list",
        "string"
      ]
    },
    "instance_group_workers_private_ips": {
      "value": [
        "192.168.10.15"
      ],
      "type": [
        "list",
        "string"
      ]
    },
    "instance_group_workers_public_ips": {
      "value": [
        "89.169.130.247"
      ],
      "type": [
        "list",
        "string"
      ]
    },
    "internal_ip_address_srv": {
      "value": "192.168.10.18",
      "type": "string"
    }
  },
  "resources": [
    {
      "mode": "data",
      "type": "yandex_compute_image",
      "name": "my_image",
      "provider": "provider[\"registry.terraform.io/yandex-cloud/yandex\"]",
      "instances": [
        {
          "schema_version": 0,
          "attributes": {
            "created_at": "2024-11-25T11:03:12Z",
            "description": "ubuntu 22.04 lts",
            "family": "ubuntu-2204-lts",
            "folder_id": "standard-images",
            "id": "fd84gg15m6kjdembasoq",
            "image_id": "fd84gg15m6kjdembasoq",
            "labels": {},
            "min_disk_size": 8,
            "name": "ubuntu-22-04-lts-v20241125",
            "os_type": "linux",
            "product_ids": [
              "f2e2ak0iebp3939n3ckv"
            ],
            "size": 7,
            "status": "ready"
          },
          "sensitive_attributes": []
        }
      ]
    },
    {
      "mode": "data",
      "type": "yandex_iam_service_account",
      "name": "alps",
      "provider": "provider[\"registry.terraform.io/yandex-cloud/yandex\"]",
      "instances": [
        {
          "schema_version": 0,
          "attributes": {
            "created_at": "2024-07-01T19:46:57Z",
            "description": "",
            "folder_id": "b1glurnud2vujmiijnjo",
            "id": "ajepqbf5qvj1e5sdv23h",
            "name": "alps",
            "service_account_id": "ajepqbf5qvj1e5sdv23h"
          },
          "sensitive_attributes": []
        }
      ]
    },
    {
      "mode": "managed",
      "type": "yandex_compute_disk",
      "name": "boot-disk",
      "provider": "provider[\"registry.terraform.io/yandex-cloud/yandex\"]",
      "instances": [
        {
          "schema_version": 0,
          "attributes": {
            "created_at": "2024-11-30T10:02:28Z",
            "description": "",
            "disk_placement_policy": [
              {
                "disk_placement_group_id": ""
              }
            ],
            "folder_id": "b1glurnud2vujmiijnjo",
            "id": "fhmae9rrbkg8kqs0emkl",
            "image_id": "fd84gg15m6kjdembasoq",
            "labels": null,
            "name": "boot-disk",
            "product_ids": [
              "f2e2ak0iebp3939n3ckv"
            ],
            "size": 30,
            "snapshot_id": "",
            "status": "ready",
            "timeouts": null,
            "type": "network-hdd",
            "zone": "ru-central1-a"
          },
          "sensitive_attributes": [],
          "private": "eyJlMmJmYjczMC1lY2FhLTExZTYtOGY4OC0zNDM2M2JjN2M0YzAiOnsiY3JlYXRlIjozMDAwMDAwMDAwMDAsImRlbGV0ZSI6MzAwMDAwMDAwMDAwLCJ1cGRhdGUiOjMwMDAwMDAwMDAwMH19",
          "dependencies": [
            "data.yandex_compute_image.my_image"
          ]
        }
      ]
    },
    {
      "mode": "managed",
      "type": "yandex_compute_instance",
      "name": "srv",
      "provider": "provider[\"registry.terraform.io/yandex-cloud/yandex\"]",
      "instances": [
        {
          "schema_version": 1,
          "attributes": {
            "allow_stopping_for_update": null,
            "boot_disk": [
              {
                "auto_delete": true,
                "device_name": "fhmae9rrbkg8kqs0emkl",
                "disk_id": "fhmae9rrbkg8kqs0emkl",
                "initialize_params": [
                  {
                    "description": "",
                    "image_id": "fd84gg15m6kjdembasoq",
                    "name": "boot-disk",
                    "size": 30,
                    "snapshot_id": "",
                    "type": "network-hdd"
                  }
                ],
                "mode": "READ_WRITE"
              }
            ],
            "created_at": "2024-11-30T10:02:42Z",
            "description": "Server for monitoring",
            "folder_id": "b1glurnud2vujmiijnjo",
            "fqdn": "srv.ru-central1.internal",
            "hostname": "srv",
            "id": "fhm7j8ukrq2sage7bulu",
            "labels": null,
            "metadata": {
              "user-data": "#cloud-config\r\ndatasource:\r\n  Ec2:\r\n    strict_id: false\r\nssh_pwauth: no\r\nusers:\r\n- name: alps\r\n  sudo: 'ALL=(ALL) NOPASSWD:ALL'\r\n  shell: /bin/bash\r\n  ssh_authorized_keys:\r\n  - ssh-rsa AAAAB3NzaC1yc2EAAAADAQABAAACAQDUoqQFFL0Xj1c2V4plqyXaGt0iZ/nJ5JTxNsIbYeO00/2rhwG2JakSWzYNwExEGuLzjog4GGVphPXZZN5UQTREcbK2JRUkZDwg88/3+JWlNvi+jdllPtTmPsMGWu6RW4QkE+K9yWKpbdyYj65OgrVgHMKQup+KoWaZNAtzvW82jxJQqHvvc9PX4OQCbCKh8Sw5e086XDtVCKbLI+yrLRDp/NPmnMYE1cJ9Tta1gEnQ8bmh3bt6KvvL7l5HdGRbYKBistF+/0w8Qa7j2j9uUzLOLAM4gHF8cZ+pz/szYEL2jJVBpWNiz5Uj5Rof7c5Hub1aecIM3/fgKP4yy/o7t54ZvLHjXiLdO3Nnco8R26MxoKoIjvx4dX3a18kgXDWmrmDJdaXQDDzHmnpYvOv2m5ySSHJg996V9CQfk7eTopX3x1ir6+Y8EVfsySSdiaVKjjH/UXTOOlR+05nXCX5O5kF2XftbVo14Od7O+Id/15/fcIokxQr0aD5Rc3FR1NRHbABcrsgL9OejM5lkJaiL2B8n0bz2fmmjZtZbwaJKTM0VRFlKRdoFbPWrf8CNBs/FGrHzyoEBlPKgV9jojf620w1K16hFuqBAURUFqR6CC8DN98/5xK7Qtkbb63Ng1TY9aUSf9A2LOlFmpTi563BBsHp3V12yKbJnZDW3KijXj7alfQ== alps@serveru"
            },
            "name": "srv",
            "network_acceleration_type": "standard",
            "network_interface": [
              {
                "dns_record": [],
                "index": 0,
                "ip_address": "192.168.10.18",
                "ipv4": true,
                "ipv6": false,
                "ipv6_address": "",
                "ipv6_dns_record": [],
                "mac_address": "d0:0d:79:a3:d4:de",
                "nat": true,
                "nat_dns_record": [],
                "nat_ip_address": "89.169.158.208",
                "nat_ip_version": "IPV4",
                "security_group_ids": [],
                "subnet_id": "e9bijf5c7r571lctabph"
              }
            ],
            "placement_policy": [
              {
                "placement_group_id": ""
              }
            ],
            "platform_id": "standard-v1",
            "resources": [
              {
                "core_fraction": 20,
                "cores": 4,
                "gpus": 0,
                "memory": 8
              }
            ],
            "scheduling_policy": [
              {
                "preemptible": true
              }
            ],
            "secondary_disk": [],
            "service_account_id": "",
            "status": "running",
            "timeouts": null,
            "zone": "ru-central1-a"
          },
          "sensitive_attributes": [],
          "private": "eyJlMmJmYjczMC1lY2FhLTExZTYtOGY4OC0zNDM2M2JjN2M0YzAiOnsiY3JlYXRlIjozMDAwMDAwMDAwMDAsImRlbGV0ZSI6MzAwMDAwMDAwMDAwLCJ1cGRhdGUiOjMwMDAwMDAwMDAwMH0sInNjaGVtYV92ZXJzaW9uIjoiMSJ9",
          "dependencies": [
            "data.yandex_compute_image.my_image",
            "yandex_compute_disk.boot-disk",
            "yandex_vpc_network.k8s-network",
            "yandex_vpc_subnet.k8s-subnet"
          ]
        }
      ]
    },
    {
      "mode": "managed",
      "type": "yandex_compute_instance_group",
      "name": "k8s-masters",
      "provider": "provider[\"registry.terraform.io/yandex-cloud/yandex\"]",
      "instances": [
        {
          "schema_version": 0,
          "attributes": {
            "allocation_policy": [
              {
                "zones": [
                  "ru-central1-a"
                ]
              }
            ],
            "application_load_balancer": [],
            "created_at": "2024-11-30T10:02:33Z",
            "deletion_protection": false,
            "deploy_policy": [
              {
                "max_creating": 2,
                "max_deleting": 2,
                "max_expansion": 2,
                "max_unavailable": 2,
                "startup_duration": 0,
                "strategy": "proactive"
              }
            ],
            "description": "",
            "folder_id": "b1glurnud2vujmiijnjo",
            "health_check": [],
            "id": "cl1cu3fi0h3sj0a4e5ua",
            "instance_template": [
              {
                "boot_disk": [
                  {
                    "device_name": "",
                    "disk_id": "",
                    "initialize_params": [
                      {
                        "description": "",
                        "image_id": "fd874d4jo8jbroqs6d7i",
                        "size": 40,
                        "snapshot_id": "",
                        "type": "network-ssd"
                      }
                    ],
                    "mode": "READ_WRITE"
                  }
                ],
                "description": "",
                "hostname": "",
                "labels": null,
                "metadata": {
                  "user-data": "#cloud-config\r\ndatasource:\r\n  Ec2:\r\n    strict_id: false\r\nssh_pwauth: no\r\nusers:\r\n- name: alps\r\n  sudo: 'ALL=(ALL) NOPASSWD:ALL'\r\n  shell: /bin/bash\r\n  ssh_authorized_keys:\r\n  - ssh-rsa AAAAB3NzaC1yc2EAAAADAQABAAACAQDUoqQFFL0Xj1c2V4plqyXaGt0iZ/nJ5JTxNsIbYeO00/2rhwG2JakSWzYNwExEGuLzjog4GGVphPXZZN5UQTREcbK2JRUkZDwg88/3+JWlNvi+jdllPtTmPsMGWu6RW4QkE+K9yWKpbdyYj65OgrVgHMKQup+KoWaZNAtzvW82jxJQqHvvc9PX4OQCbCKh8Sw5e086XDtVCKbLI+yrLRDp/NPmnMYE1cJ9Tta1gEnQ8bmh3bt6KvvL7l5HdGRbYKBistF+/0w8Qa7j2j9uUzLOLAM4gHF8cZ+pz/szYEL2jJVBpWNiz5Uj5Rof7c5Hub1aecIM3/fgKP4yy/o7t54ZvLHjXiLdO3Nnco8R26MxoKoIjvx4dX3a18kgXDWmrmDJdaXQDDzHmnpYvOv2m5ySSHJg996V9CQfk7eTopX3x1ir6+Y8EVfsySSdiaVKjjH/UXTOOlR+05nXCX5O5kF2XftbVo14Od7O+Id/15/fcIokxQr0aD5Rc3FR1NRHbABcrsgL9OejM5lkJaiL2B8n0bz2fmmjZtZbwaJKTM0VRFlKRdoFbPWrf8CNBs/FGrHzyoEBlPKgV9jojf620w1K16hFuqBAURUFqR6CC8DN98/5xK7Qtkbb63Ng1TY9aUSf9A2LOlFmpTi563BBsHp3V12yKbJnZDW3KijXj7alfQ== alps@serveru"
                },
                "name": "master-{instance.index}",
                "network_interface": [
                  {
                    "dns_record": [],
                    "ip_address": "",
                    "ipv4": true,
                    "ipv6": false,
                    "ipv6_address": "",
                    "ipv6_dns_record": [],
                    "nat": true,
                    "nat_dns_record": [],
                    "nat_ip_address": "",
                    "network_id": "enp0d1n244r3tnb26sjb",
                    "security_group_ids": null,
                    "subnet_ids": [
                      "e9bijf5c7r571lctabph"
                    ]
                  }
                ],
                "network_settings": [
                  {
                    "type": "STANDARD"
                  }
                ],
                "placement_policy": [],
                "platform_id": "standard-v1",
                "resources": [
                  {
                    "core_fraction": 100,
                    "cores": 4,
                    "gpus": 0,
                    "memory": 8
                  }
                ],
                "scheduling_policy": [
                  {
                    "preemptible": false
                  }
                ],
                "secondary_disk": [],
                "service_account_id": ""
              }
            ],
            "instances": [
              {
                "fqdn": "master-1.ru-central1.internal",
                "instance_id": "fhm0s90h1tqtsqqhk8j1",
                "name": "master-1",
                "network_interface": [
                  {
                    "index": 0,
                    "ip_address": "192.168.10.12",
                    "ipv4": true,
                    "ipv6": false,
                    "ipv6_address": "",
                    "mac_address": "d0:0d:e2:41:10:f7",
                    "nat": true,
                    "nat_ip_address": "89.169.151.169",
                    "nat_ip_version": "IPV4",
                    "subnet_id": "e9bijf5c7r571lctabph"
                  }
                ],
                "status": "RUNNING_ACTUAL",
                "status_changed_at": "2024-11-30T10:04:23Z",
                "status_message": "",
                "zone_id": "ru-central1-a"
              }
            ],
            "labels": null,
            "load_balancer": [],
            "max_checking_health_duration": null,
            "name": "k8s-masters",
            "scale_policy": [
              {
                "auto_scale": [],
                "fixed_scale": [
                  {
                    "size": 1
                  }
                ],
                "test_auto_scale": []
              }
            ],
            "service_account_id": "ajepqbf5qvj1e5sdv23h",
            "status": "ACTIVE",
            "timeouts": null,
            "variables": null
          },
          "sensitive_attributes": [],
          "private": "eyJlMmJmYjczMC1lY2FhLTExZTYtOGY4OC0zNDM2M2JjN2M0YzAiOnsiY3JlYXRlIjoxODAwMDAwMDAwMDAwLCJkZWxldGUiOjE4MDAwMDAwMDAwMDAsInVwZGF0ZSI6MTgwMDAwMDAwMDAwMH19",
          "dependencies": [
            "data.yandex_iam_service_account.alps",
            "yandex_vpc_network.k8s-network",
            "yandex_vpc_subnet.k8s-subnet"
          ]
        }
      ]
    },
    {
      "mode": "managed",
      "type": "yandex_compute_instance_group",
      "name": "k8s-workers",
      "provider": "provider[\"registry.terraform.io/yandex-cloud/yandex\"]",
      "instances": [
        {
          "schema_version": 0,
          "attributes": {
            "allocation_policy": [
              {
                "zones": [
                  "ru-central1-a"
                ]
              }
            ],
            "application_load_balancer": [],
            "created_at": "2024-11-30T10:02:33Z",
            "deletion_protection": false,
            "deploy_policy": [
              {
                "max_creating": 2,
                "max_deleting": 2,
                "max_expansion": 2,
                "max_unavailable": 2,
                "startup_duration": 0,
                "strategy": "proactive"
              }
            ],
            "description": "",
            "folder_id": "b1glurnud2vujmiijnjo",
            "health_check": [],
            "id": "cl1rvh6iank4j7tptkc1",
            "instance_template": [
              {
                "boot_disk": [
                  {
                    "device_name": "",
                    "disk_id": "",
                    "initialize_params": [
                      {
                        "description": "",
                        "image_id": "fd874d4jo8jbroqs6d7i",
                        "size": 30,
                        "snapshot_id": "",
                        "type": "network-hdd"
                      }
                    ],
                    "mode": "READ_WRITE"
                  }
                ],
                "description": "",
                "hostname": "",
                "labels": null,
                "metadata": {
                  "user-data": "#cloud-config\r\ndatasource:\r\n  Ec2:\r\n    strict_id: false\r\nssh_pwauth: no\r\nusers:\r\n- name: alps\r\n  sudo: 'ALL=(ALL) NOPASSWD:ALL'\r\n  shell: /bin/bash\r\n  ssh_authorized_keys:\r\n  - ssh-rsa AAAAB3NzaC1yc2EAAAADAQABAAACAQDUoqQFFL0Xj1c2V4plqyXaGt0iZ/nJ5JTxNsIbYeO00/2rhwG2JakSWzYNwExEGuLzjog4GGVphPXZZN5UQTREcbK2JRUkZDwg88/3+JWlNvi+jdllPtTmPsMGWu6RW4QkE+K9yWKpbdyYj65OgrVgHMKQup+KoWaZNAtzvW82jxJQqHvvc9PX4OQCbCKh8Sw5e086XDtVCKbLI+yrLRDp/NPmnMYE1cJ9Tta1gEnQ8bmh3bt6KvvL7l5HdGRbYKBistF+/0w8Qa7j2j9uUzLOLAM4gHF8cZ+pz/szYEL2jJVBpWNiz5Uj5Rof7c5Hub1aecIM3/fgKP4yy/o7t54ZvLHjXiLdO3Nnco8R26MxoKoIjvx4dX3a18kgXDWmrmDJdaXQDDzHmnpYvOv2m5ySSHJg996V9CQfk7eTopX3x1ir6+Y8EVfsySSdiaVKjjH/UXTOOlR+05nXCX5O5kF2XftbVo14Od7O+Id/15/fcIokxQr0aD5Rc3FR1NRHbABcrsgL9OejM5lkJaiL2B8n0bz2fmmjZtZbwaJKTM0VRFlKRdoFbPWrf8CNBs/FGrHzyoEBlPKgV9jojf620w1K16hFuqBAURUFqR6CC8DN98/5xK7Qtkbb63Ng1TY9aUSf9A2LOlFmpTi563BBsHp3V12yKbJnZDW3KijXj7alfQ== alps@serveru"
                },
                "name": "worker-{instance.index}",
                "network_interface": [
                  {
                    "dns_record": [],
                    "ip_address": "",
                    "ipv4": true,
                    "ipv6": false,
                    "ipv6_address": "",
                    "ipv6_dns_record": [],
                    "nat": true,
                    "nat_dns_record": [],
                    "nat_ip_address": "",
                    "network_id": "enp0d1n244r3tnb26sjb",
                    "security_group_ids": null,
                    "subnet_ids": [
                      "e9bijf5c7r571lctabph"
                    ]
                  }
                ],
                "network_settings": [
                  {
                    "type": "STANDARD"
                  }
                ],
                "placement_policy": [],
                "platform_id": "standard-v1",
                "resources": [
                  {
                    "core_fraction": 20,
                    "cores": 4,
                    "gpus": 0,
                    "memory": 8
                  }
                ],
                "scheduling_policy": [
                  {
                    "preemptible": false
                  }
                ],
                "secondary_disk": [],
                "service_account_id": ""
              }
            ],
            "instances": [
              {
                "fqdn": "worker-1.ru-central1.internal",
                "instance_id": "fhm0627osl97flnb934p",
                "name": "worker-1",
                "network_interface": [
                  {
                    "index": 0,
                    "ip_address": "192.168.10.15",
                    "ipv4": true,
                    "ipv6": false,
                    "ipv6_address": "",
                    "mac_address": "d0:0d:30:8f:8e:55",
                    "nat": true,
                    "nat_ip_address": "89.169.130.247",
                    "nat_ip_version": "IPV4",
                    "subnet_id": "e9bijf5c7r571lctabph"
                  }
                ],
                "status": "RUNNING_ACTUAL",
                "status_changed_at": "2024-11-30T10:03:33Z",
                "status_message": "",
                "zone_id": "ru-central1-a"
              }
            ],
            "labels": null,
            "load_balancer": [],
            "max_checking_health_duration": null,
            "name": "k8s-workers",
            "scale_policy": [
              {
                "auto_scale": [],
                "fixed_scale": [
                  {
                    "size": 1
                  }
                ],
                "test_auto_scale": []
              }
            ],
            "service_account_id": "ajepqbf5qvj1e5sdv23h",
            "status": "ACTIVE",
            "timeouts": null,
            "variables": null
          },
          "sensitive_attributes": [],
          "private": "eyJlMmJmYjczMC1lY2FhLTExZTYtOGY4OC0zNDM2M2JjN2M0YzAiOnsiY3JlYXRlIjoxODAwMDAwMDAwMDAwLCJkZWxldGUiOjE4MDAwMDAwMDAwMDAsInVwZGF0ZSI6MTgwMDAwMDAwMDAwMH19",
          "dependencies": [
            "data.yandex_iam_service_account.alps",
            "yandex_vpc_network.k8s-network",
            "yandex_vpc_subnet.k8s-subnet"
          ]
        }
      ]
    },
    {
      "mode": "managed",
      "type": "yandex_vpc_network",
      "name": "k8s-network",
      "provider": "provider[\"registry.terraform.io/yandex-cloud/yandex\"]",
      "instances": [
        {
          "schema_version": 0,
          "attributes": {
            "created_at": "2024-11-30T10:02:28Z",
            "default_security_group_id": "enp1glh3j9aknjn78q5t",
            "description": "",
            "folder_id": "b1glurnud2vujmiijnjo",
            "id": "enp0d1n244r3tnb26sjb",
            "labels": null,
            "name": "k8s-network",
            "subnet_ids": [],
            "timeouts": null
          },
          "sensitive_attributes": [],
          "private": "eyJlMmJmYjczMC1lY2FhLTExZTYtOGY4OC0zNDM2M2JjN2M0YzAiOnsiY3JlYXRlIjo2MDAwMDAwMDAwMCwiZGVsZXRlIjo2MDAwMDAwMDAwMCwidXBkYXRlIjo2MDAwMDAwMDAwMH19"
        }
      ]
    },
    {
      "mode": "managed",
      "type": "yandex_vpc_subnet",
      "name": "k8s-subnet",
      "provider": "provider[\"registry.terraform.io/yandex-cloud/yandex\"]",
      "instances": [
        {
          "schema_version": 0,
          "attributes": {
            "created_at": "2024-11-30T10:02:32Z",
            "description": "",
            "dhcp_options": [],
            "folder_id": "b1glurnud2vujmiijnjo",
            "id": "e9bijf5c7r571lctabph",
            "labels": null,
            "name": "k8s-subnet",
            "network_id": "enp0d1n244r3tnb26sjb",
            "route_table_id": "",
            "timeouts": null,
            "v4_cidr_blocks": [
              "192.168.10.0/24"
            ],
            "v6_cidr_blocks": [],
            "zone": "ru-central1-a"
          },
          "sensitive_attributes": [],
          "private": "eyJlMmJmYjczMC1lY2FhLTExZTYtOGY4OC0zNDM2M2JjN2M0YzAiOnsiY3JlYXRlIjoxODAwMDAwMDAwMDAsImRlbGV0ZSI6MTgwMDAwMDAwMDAwLCJ1cGRhdGUiOjE4MDAwMDAwMDAwMH19",
          "dependencies": [
            "yandex_vpc_network.k8s-network"
          ]
        }
      ]
    }
  ],
  "check_results": null
}
